
Microsoft Visual Studio Solution File, Format Version 12.00
# Visual Studio 15
VisualStudioVersion = 15.0.26430.16
MinimumVisualStudioVersion = 10.0.40219.1
Project("{FAE04EC0-301F-11D3-BF4B-00C04F79EFBC}") = "brigit-cli", "brigit-cli\brigit-cli.csproj", "{3E4BB2ED-77F1-463E-8277-5AF98B51AD55}"
EndProject
Global
	GlobalSection(SolutionConfigurationPlatforms) = preSolution
		Debug|Any CPU = Debug|Any CPU
		Release|Any CPU = Release|Any CPU
	EndGlobalSection
	GlobalSection(ProjectConfigurationPlatforms) = postSolution
		{3E4BB2ED-77F1-463E-8277-5AF98B51AD55}.Debug|Any CPU.ActiveCfg = Debug|Any CPU
		{3E4BB2ED-77F1-463E-8277-5AF98B51AD55}.Debug|Any CPU.Build.0 = Debug|Any CPU
		{3E4BB2ED-77F1-463E-8277-5AF98B51AD55}.Release|Any CPU.ActiveCfg = Release|Any CPU
		{3E4BB2ED-77F1-463E-8277-5AF98B51AD55}.Release|Any CPU.Build.0 = Release|Any CPU
	EndGlobalSection
	GlobalSection(SolutionProperties) = preSolution
		HideSolutionNode = FALSE
	EndGlobalSection
EndGlobal
